
Microsoft Visual Studio Solution File, Format Version 12.00
# Visual Studio Version 17
VisualStudioVersion = 17.3.32922.545
MinimumVisualStudioVersion = 10.0.40219.1
Project("{FAE04EC0-301F-11D3-BF4B-00C04F79EFBC}") = "ProgramowanieRozproszone", "ProgramowanieRozproszone\ProgramowanieRozproszone.csproj", "{792E0BB8-1CBD-4BC7-AEB8-F03941A41986}"
EndProject
Global
	GlobalSection(SolutionConfigurationPlatforms) = preSolution
		Debug|Any CPU = Debug|Any CPU
		Release|Any CPU = Release|Any CPU
	EndGlobalSection
	GlobalSection(ProjectConfigurationPlatforms) = postSolution
		{792E0BB8-1CBD-4BC7-AEB8-F03941A41986}.Debug|Any CPU.ActiveCfg = Debug|Any CPU
		{792E0BB8-1CBD-4BC7-AEB8-F03941A41986}.Debug|Any CPU.Build.0 = Debug|Any CPU
		{792E0BB8-1CBD-4BC7-AEB8-F03941A41986}.Release|Any CPU.ActiveCfg = Release|Any CPU
		{792E0BB8-1CBD-4BC7-AEB8-F03941A41986}.Release|Any CPU.Build.0 = Release|Any CPU
	EndGlobalSection
	GlobalSection(SolutionProperties) = preSolution
		HideSolutionNode = FALSE
	EndGlobalSection
	GlobalSection(ExtensibilityGlobals) = postSolution
		SolutionGuid = {70ABA8B2-35D6-4A2A-B174-57F65A06D33B}
	EndGlobalSection
EndGlobal
